
Microsoft Visual Studio Solution File, Format Version 12.00
# Visual Studio Version 16
VisualStudioVersion = 16.0.31321.278
MinimumVisualStudioVersion = 10.0.40219.1
Project("{2150E333-8FDC-42A3-9474-1A3956D46DE8}") = "src", "src", "{2DFE2A42-8701-45E0-9DF6-C4F8B577A35A}"
EndProject
Project("{2150E333-8FDC-42A3-9474-1A3956D46DE8}") = "data", "data", "{865FB815-E037-4C38-9920-BDEA3D310596}"
EndProject
Project("{9A19103F-16F7-4668-BE54-9A1E7A4F7556}") = "Homework.Dotnet.Tasks.DataGenerator", "data\Homework.Dotnet.Tasks.DataGenerator\Homework.Dotnet.Tasks.DataGenerator.csproj", "{4C6E733C-A9C2-4590-BEEB-26130E19F07B}"
EndProject
Project("{9A19103F-16F7-4668-BE54-9A1E7A4F7556}") = "Homework.Dotnet.Tasks.Contracts", "src\Homework.Dotnet.Tasks.Contracts\Homework.Dotnet.Tasks.Contracts.csproj", "{EDAE7BBE-E180-4ACC-9FF3-626B88BBC923}"
EndProject
Project("{9A19103F-16F7-4668-BE54-9A1E7A4F7556}") = "Homework.Dotnet.Tasks.Documents", "src\Homework.Dotnet.Tasks.Documents\Homework.Dotnet.Tasks.Documents.csproj", "{B26ADECF-EFA7-49F0-9573-5BD89ADF2762}"
EndProject
Project("{9A19103F-16F7-4668-BE54-9A1E7A4F7556}") = "Homework.Dotnet.Tasks.Services", "src\Homework.Dotnet.Tasks.Services\Homework.Dotnet.Tasks.Services.csproj", "{3443FF6C-F8C1-410B-BB99-845678C2A0F3}"
EndProject
Project("{2150E333-8FDC-42A3-9474-1A3956D46DE8}") = "external", "external", "{B8AEE176-6810-4CC9-9C00-4C2BE93485FE}"
	ProjectSection(SolutionItems) = preProject
		.travis.yml = .travis.yml
		appveyor.yml = appveyor.yml
	EndProjectSection
EndProject
Project("{2150E333-8FDC-42A3-9474-1A3956D46DE8}") = "github", "github", "{6FADB897-591A-490C-ACA9-209DDB0E8E17}"
	ProjectSection(SolutionItems) = preProject
		.github\workflows\dotnet-core-linux.yml = .github\workflows\dotnet-core-linux.yml
		.github\workflows\dotnet-core-windows.yml = .github\workflows\dotnet-core-windows.yml
	EndProjectSection
EndProject
Project("{2150E333-8FDC-42A3-9474-1A3956D46DE8}") = "environment", "environment", "{44B47F4C-9C60-458C-B274-92644F9462F6}"
EndProject
Project("{9A19103F-16F7-4668-BE54-9A1E7A4F7556}") = "Homework.Dotnet.Tasks.Mvc.UI", "src\Homework.Dotnet.Tasks.Mvc.UI\Homework.Dotnet.Tasks.Mvc.UI.csproj", "{4BAFB4D9-613C-4CDE-A916-37BC5F410104}"
EndProject
Project("{2150E333-8FDC-42A3-9474-1A3956D46DE8}") = "tests", "tests", "{755A0603-A690-4AB5-8BC3-7399747AA0CA}"
EndProject
Project("{9A19103F-16F7-4668-BE54-9A1E7A4F7556}") = "Homework.Dotnet.Tasks.Stress.Tests", "tests\Homework.Dotnet.Tasks.Stress.Tests\Homework.Dotnet.Tasks.Stress.Tests.csproj", "{AB5E5564-D2F8-4F62-B825-5D2E7409FCB0}"
EndProject
Project("{9A19103F-16F7-4668-BE54-9A1E7A4F7556}") = "Homework.Dotnet.Tasks.Host", "src\Homework.Dotnet.Tasks.Host\Homework.Dotnet.Tasks.Host.csproj", "{F5B91057-750F-4C48-B274-F95FBE96FEE8}"
EndProject
Project("{2150E333-8FDC-42A3-9474-1A3956D46DE8}") = "mysql", "mysql", "{82DD39AD-65B6-46A6-AD2F-C0AF0F8CB771}"
	ProjectSection(SolutionItems) = preProject
		environment\mysql\docker-compose.yml = environment\mysql\docker-compose.yml
		environment\mysql\mysql-router.env = environment\mysql\mysql-router.env
		environment\mysql\mysql-server.env = environment\mysql\mysql-server.env
		environment\mysql\mysql-shell.env = environment\mysql\mysql-shell.env
	EndProjectSection
EndProject
Project("{2150E333-8FDC-42A3-9474-1A3956D46DE8}") = "scripts", "scripts", "{FA718024-0DB0-4327-A295-A810788C08C3}"
	ProjectSection(SolutionItems) = preProject
		environment\mysql\scripts\db.sql = environment\mysql\scripts\db.sql
		environment\mysql\scripts\setupCluster.js = environment\mysql\scripts\setupCluster.js
	EndProjectSection
EndProject
Project("{2150E333-8FDC-42A3-9474-1A3956D46DE8}") = "elk", "elk", "{805C6548-EBB1-48C1-B949-CFDAD3E43293}"
	ProjectSection(SolutionItems) = preProject
		environment\elk\docker-compose-elk-multi-node.yml = environment\elk\docker-compose-elk-multi-node.yml
		environment\elk\docker-compose.yml = environment\elk\docker-compose.yml
	EndProjectSection
EndProject
Project("{2150E333-8FDC-42A3-9474-1A3956D46DE8}") = "tig stack", "tig stack", "{C9B7E859-731A-4539-AC8E-02A0E39AFE8C}"
	ProjectSection(SolutionItems) = preProject
		environment\tig stack\docker-compose.yml = environment\tig stack\docker-compose.yml
		environment\tig stack\env.grafana = environment\tig stack\env.grafana
		environment\tig stack\env.influxdb = environment\tig stack\env.influxdb
		environment\tig stack\postgres_init.sql = environment\tig stack\postgres_init.sql
		environment\tig stack\telegraf.conf = environment\tig stack\telegraf.conf
	EndProjectSection
EndProject
Project("{2150E333-8FDC-42A3-9474-1A3956D46DE8}") = "postgres", "postgres", "{CE08985F-783F-4CD1-8B8D-7D74750D1BA0}"
	ProjectSection(SolutionItems) = preProject
		environment\postgres\docker-compose.yml = environment\postgres\docker-compose.yml
	EndProjectSection
EndProject
Project("{2150E333-8FDC-42A3-9474-1A3956D46DE8}") = "redis", "redis", "{8770E4A2-F1DE-4EA7-A299-17EA2B00677E}"
	ProjectSection(SolutionItems) = preProject
		environment\redis\docker-compose-bitnami.yml = environment\redis\docker-compose-bitnami.yml
		environment\redis\docker-compose-one-node.yml = environment\redis\docker-compose-one-node.yml
	EndProjectSection
EndProject
Project("{2150E333-8FDC-42A3-9474-1A3956D46DE8}") = "mongodb", "mongodb", "{7DE6A95E-AEBB-44D2-B80C-02F156A3C887}"
	ProjectSection(SolutionItems) = preProject
		environment\mongodb\docker-compose.yml = environment\mongodb\docker-compose.yml
	EndProjectSection
EndProject
Project("{2150E333-8FDC-42A3-9474-1A3956D46DE8}") = "ga", "ga", "{4F271E19-5FAF-4A63-AF9D-888616C05F0F}"
EndProject
Project("{9A19103F-16F7-4668-BE54-9A1E7A4F7556}") = "ReactGaApp", "ga\ReactGaApp\ReactGaApp.csproj", "{96994484-52ED-4A4F-A178-F03EB3C21A21}"
EndProject
Project("{2150E333-8FDC-42A3-9474-1A3956D46DE8}") = "redis-sentinel", "redis-sentinel", "{F667FD31-7233-449B-A1DF-E432BCDE52D6}"
	ProjectSection(SolutionItems) = preProject
		environment\redis-sentinel\docker-compose.yml = environment\redis-sentinel\docker-compose.yml
	EndProjectSection
EndProject
Project("{2150E333-8FDC-42A3-9474-1A3956D46DE8}") = "redis-master-slave", "redis-master-slave", "{71320457-041F-4009-9531-230178CAC16B}"
	ProjectSection(SolutionItems) = preProject
		environment\redis-master-slave\docker-compose.yml = environment\redis-master-slave\docker-compose.yml
	EndProjectSection
EndProject
Project("{2150E333-8FDC-42A3-9474-1A3956D46DE8}") = "ngnix_cache", "ngnix_cache", "{5E3920D0-9330-4E3B-BAF2-66840D448319}"
	ProjectSection(SolutionItems) = preProject
		environment\ngnix_cache\docker-compose.yml = environment\ngnix_cache\docker-compose.yml
		environment\ngnix_cache\favicon.ico = environment\ngnix_cache\favicon.ico
		environment\ngnix_cache\nginx-cache.conf = environment\ngnix_cache\nginx-cache.conf
		environment\ngnix_cache\nginx-images.conf = environment\ngnix_cache\nginx-images.conf
	EndProjectSection
EndProject
Project("{2150E333-8FDC-42A3-9474-1A3956D46DE8}") = "ngnix", "ngnix", "{ACD190A7-FD92-4BE9-8232-27D1F41944EF}"
EndProject
Project("{2150E333-8FDC-42A3-9474-1A3956D46DE8}") = "lua", "lua", "{4B46931D-5A5D-4C24-B2C8-C442A1899446}"
	ProjectSection(SolutionItems) = preProject
		environment\ngnix_cache\lua\purge.lua = environment\ngnix_cache\lua\purge.lua
		environment\ngnix_cache\lua\purge_all.lua = environment\ngnix_cache\lua\purge_all.lua
	EndProjectSection
EndProject
Project("{2150E333-8FDC-42A3-9474-1A3956D46DE8}") = "scripts", "scripts", "{161E8B74-FFAE-4D1D-A5A8-5C65C9A7260A}"
	ProjectSection(SolutionItems) = preProject
		environment\ngnix_cache\scripts\clear.sh = environment\ngnix_cache\scripts\clear.sh
		environment\ngnix_cache\scripts\init.sh = environment\ngnix_cache\scripts\init.sh
		environment\ngnix_cache\scripts\watch.sh = environment\ngnix_cache\scripts\watch.sh
	EndProjectSection
EndProject
Project("{FAE04EC0-301F-11D3-BF4B-00C04F79EFBC}") = "Homework.Dotnet.Tasks.Unit.Tests", "tests\Homework.Dotnet.Tasks.Unit.Tests\Homework.Dotnet.Tasks.Unit.Tests.csproj", "{1679BF9D-94DB-424A-AF88-EA1904392D5E}"
EndProject
Global
	GlobalSection(SolutionConfigurationPlatforms) = preSolution
		Debug|Any CPU = Debug|Any CPU
		Release|Any CPU = Release|Any CPU
	EndGlobalSection
	GlobalSection(ProjectConfigurationPlatforms) = postSolution
		{4C6E733C-A9C2-4590-BEEB-26130E19F07B}.Debug|Any CPU.ActiveCfg = Debug|Any CPU
		{4C6E733C-A9C2-4590-BEEB-26130E19F07B}.Debug|Any CPU.Build.0 = Debug|Any CPU
		{4C6E733C-A9C2-4590-BEEB-26130E19F07B}.Release|Any CPU.ActiveCfg = Release|Any CPU
		{4C6E733C-A9C2-4590-BEEB-26130E19F07B}.Release|Any CPU.Build.0 = Release|Any CPU
		{EDAE7BBE-E180-4ACC-9FF3-626B88BBC923}.Debug|Any CPU.ActiveCfg = Debug|Any CPU
		{EDAE7BBE-E180-4ACC-9FF3-626B88BBC923}.Debug|Any CPU.Build.0 = Debug|Any CPU
		{EDAE7BBE-E180-4ACC-9FF3-626B88BBC923}.Release|Any CPU.ActiveCfg = Release|Any CPU
		{EDAE7BBE-E180-4ACC-9FF3-626B88BBC923}.Release|Any CPU.Build.0 = Release|Any CPU
		{B26ADECF-EFA7-49F0-9573-5BD89ADF2762}.Debug|Any CPU.ActiveCfg = Debug|Any CPU
		{B26ADECF-EFA7-49F0-9573-5BD89ADF2762}.Debug|Any CPU.Build.0 = Debug|Any CPU
		{B26ADECF-EFA7-49F0-9573-5BD89ADF2762}.Release|Any CPU.ActiveCfg = Release|Any CPU
		{B26ADECF-EFA7-49F0-9573-5BD89ADF2762}.Release|Any CPU.Build.0 = Release|Any CPU
		{3443FF6C-F8C1-410B-BB99-845678C2A0F3}.Debug|Any CPU.ActiveCfg = Debug|Any CPU
		{3443FF6C-F8C1-410B-BB99-845678C2A0F3}.Debug|Any CPU.Build.0 = Debug|Any CPU
		{3443FF6C-F8C1-410B-BB99-845678C2A0F3}.Release|Any CPU.ActiveCfg = Release|Any CPU
		{3443FF6C-F8C1-410B-BB99-845678C2A0F3}.Release|Any CPU.Build.0 = Release|Any CPU
		{4BAFB4D9-613C-4CDE-A916-37BC5F410104}.Debug|Any CPU.ActiveCfg = Debug|Any CPU
		{4BAFB4D9-613C-4CDE-A916-37BC5F410104}.Debug|Any CPU.Build.0 = Debug|Any CPU
		{4BAFB4D9-613C-4CDE-A916-37BC5F410104}.Release|Any CPU.ActiveCfg = Release|Any CPU
		{4BAFB4D9-613C-4CDE-A916-37BC5F410104}.Release|Any CPU.Build.0 = Release|Any CPU
		{AB5E5564-D2F8-4F62-B825-5D2E7409FCB0}.Debug|Any CPU.ActiveCfg = Debug|Any CPU
		{AB5E5564-D2F8-4F62-B825-5D2E7409FCB0}.Debug|Any CPU.Build.0 = Debug|Any CPU
		{AB5E5564-D2F8-4F62-B825-5D2E7409FCB0}.Release|Any CPU.ActiveCfg = Release|Any CPU
		{AB5E5564-D2F8-4F62-B825-5D2E7409FCB0}.Release|Any CPU.Build.0 = Release|Any CPU
		{F5B91057-750F-4C48-B274-F95FBE96FEE8}.Debug|Any CPU.ActiveCfg = Debug|Any CPU
		{F5B91057-750F-4C48-B274-F95FBE96FEE8}.Debug|Any CPU.Build.0 = Debug|Any CPU
		{F5B91057-750F-4C48-B274-F95FBE96FEE8}.Release|Any CPU.ActiveCfg = Release|Any CPU
		{F5B91057-750F-4C48-B274-F95FBE96FEE8}.Release|Any CPU.Build.0 = Release|Any CPU
		{96994484-52ED-4A4F-A178-F03EB3C21A21}.Debug|Any CPU.ActiveCfg = Debug|Any CPU
		{96994484-52ED-4A4F-A178-F03EB3C21A21}.Debug|Any CPU.Build.0 = Debug|Any CPU
		{96994484-52ED-4A4F-A178-F03EB3C21A21}.Release|Any CPU.ActiveCfg = Release|Any CPU
		{96994484-52ED-4A4F-A178-F03EB3C21A21}.Release|Any CPU.Build.0 = Release|Any CPU
		{1679BF9D-94DB-424A-AF88-EA1904392D5E}.Debug|Any CPU.ActiveCfg = Debug|Any CPU
		{1679BF9D-94DB-424A-AF88-EA1904392D5E}.Debug|Any CPU.Build.0 = Debug|Any CPU
		{1679BF9D-94DB-424A-AF88-EA1904392D5E}.Release|Any CPU.ActiveCfg = Release|Any CPU
		{1679BF9D-94DB-424A-AF88-EA1904392D5E}.Release|Any CPU.Build.0 = Release|Any CPU
	EndGlobalSection
	GlobalSection(SolutionProperties) = preSolution
		HideSolutionNode = FALSE
	EndGlobalSection
	GlobalSection(NestedProjects) = preSolution
		{4C6E733C-A9C2-4590-BEEB-26130E19F07B} = {865FB815-E037-4C38-9920-BDEA3D310596}
		{EDAE7BBE-E180-4ACC-9FF3-626B88BBC923} = {2DFE2A42-8701-45E0-9DF6-C4F8B577A35A}
		{B26ADECF-EFA7-49F0-9573-5BD89ADF2762} = {2DFE2A42-8701-45E0-9DF6-C4F8B577A35A}
		{3443FF6C-F8C1-410B-BB99-845678C2A0F3} = {2DFE2A42-8701-45E0-9DF6-C4F8B577A35A}
		{6FADB897-591A-490C-ACA9-209DDB0E8E17} = {B8AEE176-6810-4CC9-9C00-4C2BE93485FE}
		{4BAFB4D9-613C-4CDE-A916-37BC5F410104} = {2DFE2A42-8701-45E0-9DF6-C4F8B577A35A}
		{AB5E5564-D2F8-4F62-B825-5D2E7409FCB0} = {755A0603-A690-4AB5-8BC3-7399747AA0CA}
		{F5B91057-750F-4C48-B274-F95FBE96FEE8} = {2DFE2A42-8701-45E0-9DF6-C4F8B577A35A}
		{82DD39AD-65B6-46A6-AD2F-C0AF0F8CB771} = {44B47F4C-9C60-458C-B274-92644F9462F6}
		{FA718024-0DB0-4327-A295-A810788C08C3} = {82DD39AD-65B6-46A6-AD2F-C0AF0F8CB771}
		{805C6548-EBB1-48C1-B949-CFDAD3E43293} = {44B47F4C-9C60-458C-B274-92644F9462F6}
		{C9B7E859-731A-4539-AC8E-02A0E39AFE8C} = {44B47F4C-9C60-458C-B274-92644F9462F6}
		{CE08985F-783F-4CD1-8B8D-7D74750D1BA0} = {44B47F4C-9C60-458C-B274-92644F9462F6}
		{8770E4A2-F1DE-4EA7-A299-17EA2B00677E} = {44B47F4C-9C60-458C-B274-92644F9462F6}
		{7DE6A95E-AEBB-44D2-B80C-02F156A3C887} = {44B47F4C-9C60-458C-B274-92644F9462F6}
		{96994484-52ED-4A4F-A178-F03EB3C21A21} = {4F271E19-5FAF-4A63-AF9D-888616C05F0F}
		{F667FD31-7233-449B-A1DF-E432BCDE52D6} = {44B47F4C-9C60-458C-B274-92644F9462F6}
		{71320457-041F-4009-9531-230178CAC16B} = {44B47F4C-9C60-458C-B274-92644F9462F6}
		{5E3920D0-9330-4E3B-BAF2-66840D448319} = {44B47F4C-9C60-458C-B274-92644F9462F6}
		{4B46931D-5A5D-4C24-B2C8-C442A1899446} = {5E3920D0-9330-4E3B-BAF2-66840D448319}
		{161E8B74-FFAE-4D1D-A5A8-5C65C9A7260A} = {5E3920D0-9330-4E3B-BAF2-66840D448319}
		{1679BF9D-94DB-424A-AF88-EA1904392D5E} = {755A0603-A690-4AB5-8BC3-7399747AA0CA}
	EndGlobalSection
	GlobalSection(ExtensibilityGlobals) = postSolution
		SolutionGuid = {F24AFE0D-EF26-4ADE-8654-21D13F989838}
	EndGlobalSection
EndGlobal
